// !$*UTF8*$!
{
	archiveVersion = 1;
	classes = {
	};
	objectVersion = 46;
	objects = {

/* Begin PBXBuildFile section */
		D56EE13E1D2D96C20061231D /* main.m in Sources */ = {isa = PBXBuildFile; fileRef = D56EE13D1D2D96C20061231D /* main.m */; };
		D56EE1461D2D97130061231D /* BRLineReader.m in Sources */ = {isa = PBXBuildFile; fileRef = D56EE1451D2D97130061231D /* BRLineReader.m */; };
		D56EE1491D2D9EFA0061231D /* Languages.plist in CopyFiles */ = {isa = PBXBuildFile; fileRef = D56EE1471D2D9E030061231D /* Languages.plist */; };
/* End PBXBuildFile section */

/* Begin PBXCopyFilesBuildPhase section */
		D56EE1381D2D96C20061231D /* CopyFiles */ = {
			isa = PBXCopyFilesBuildPhase;
			buildActionMask = 2147483647;
			dstPath = /usr/share/man/man1/;
			dstSubfolderSpec = 0;
			files = (
			);
			runOnlyForDeploymentPostprocessing = 1;
		};
		D56EE1481D2D9EDC0061231D /* CopyFiles */ = {
			isa = PBXCopyFilesBuildPhase;
			buildActionMask = 2147483647;
			dstPath = "";
			dstSubfolderSpec = 7;
			files = (
				D56EE1491D2D9EFA0061231D /* Languages.plist in CopyFiles */,
			);
			runOnlyForDeploymentPostprocessing = 0;
		};
/* End PBXCopyFilesBuildPhase section */

/* Begin PBXFileReference section */
		D56EE13A1D2D96C20061231D /* TransMaker */ = {isa = PBXFileReference; explicitFileType = "compiled.mach-o.executable"; includeInIndex = 0; path = TransMaker; sourceTree = BUILT_PRODUCTS_DIR; };
		D56EE13D1D2D96C20061231D /* main.m */ = {isa = PBXFileReference; lastKnownFileType = sourcecode.c.objc; path = main.m; sourceTree = "<group>"; };
		D56EE1441D2D97130061231D /* BRLineReader.h */ = {isa = PBXFileReference; fileEncoding = 4; lastKnownFileType = sourcecode.c.h; path = BRLineReader.h; sourceTree = "<group>"; };
		D56EE1451D2D97130061231D /* BRLineReader.m */ = {isa = PBXFileReference; fileEncoding = 4; lastKnownFileType = sourcecode.c.objc; path = BRLineReader.m; sourceTree = "<group>"; };
		D56EE1471D2D9E030061231D /* Languages.plist */ = {isa = PBXFileReference; lastKnownFileType = text.plist.xml; path = Languages.plist; sourceTree = "<group>"; };
/* End PBXFileReference section */

/* Begin PBXFrameworksBuildPhase section */
		D56EE1371D2D96C20061231D /* Frameworks */ = {
			isa = PBXFrameworksBuildPhase;
			buildActionMask = 2147483647;
			files = (
			);
			runOnlyForDeploymentPostprocessing = 0;
		};
/* End PBXFrameworksBuildPhase section */

/* Begin PBXGroup section */
		D56EE1311D2D96C20061231D = {
			isa = PBXGroup;
			children = (
				D56EE13C1D2D96C20061231D /* TransMaker */,
				D56EE13B1D2D96C20061231D /* Products */,
			);
			sourceTree = "<group>";
		};
		D56EE13B1D2D96C20061231D /* Products */ = {
			isa = PBXGroup;
			children = (
				D56EE13A1D2D96C20061231D /* TransMaker */,
			);
			name = Products;
			sourceTree = "<group>";
		};
		D56EE13C1D2D96C20061231D /* TransMaker */ = {
			isa = PBXGroup;
			children = (
				D56EE13D1D2D96C20061231D /* main.m */,
				D56EE1441D2D97130061231D /* BRLineReader.h */,
				D56EE1451D2D97130061231D /* BRLineReader.m */,
				D56EE1471D2D9E030061231D /* Languages.plist */,
			);
			path = TransMaker;
			sourceTree = "<group>";
		};
/* End PBXGroup section */

/* Begin PBXNativeTarget section */
		D56EE1391D2D96C20061231D /* TransMaker */ = {
			isa = PBXNativeTarget;
			buildConfigurationList = D56EE1411D2D96C20061231D /* Build configuration list for PBXNativeTarget "TransMaker" */;
			buildPhases = (
				D56EE1361D2D96C20061231D /* Sources */,
				D56EE1371D2D96C20061231D /* Frameworks */,
				D56EE1381D2D96C20061231D /* CopyFiles */,
				D56EE1481D2D9EDC0061231D /* CopyFiles */,
			);
			buildRules = (
			);
			dependencies = (
			);
			name = TransMaker;
			productName = TransMaker;
			productReference = D56EE13A1D2D96C20061231D /* TransMaker */;
			productType = "com.apple.product-type.tool";
		};
/* End PBXNativeTarget section */

/* Begin PBXProject section */
		D56EE1321D2D96C20061231D /* Project object */ = {
			isa = PBXProject;
			attributes = {
				LastUpgradeCheck = 0730;
				ORGANIZATIONNAME = "Tomislav Luketic";
				TargetAttributes = {
					D56EE1391D2D96C20061231D = {
						CreatedOnToolsVersion = 7.3.1;
					};
				};
			};
			buildConfigurationList = D56EE1351D2D96C20061231D /* Build configuration list for PBXProject "TransMaker" */;
			compatibilityVersion = "Xcode 3.2";
			developmentRegion = English;
			hasScannedForEncodings = 0;
			knownRegions = (
				en,
			);
			mainGroup = D56EE1311D2D96C20061231D;
			productRefGroup = D56EE13B1D2D96C20061231D /* Products */;
			projectDirPath = "";
			projectRoot = "";
			targets = (
				D56EE1391D2D96C20061231D /* TransMaker */,
			);
		};
/* End PBXProject section */

/* Begin PBXSourcesBuildPhase section */
		D56EE1361D2D96C20061231D /* Sources */ = {
			isa = PBXSourcesBuildPhase;
			buildActionMask = 2147483647;
			files = (
				D56EE1461D2D97130061231D /* BRLineReader.m in Sources */,
				D56EE13E1D2D96C20061231D /* main.m in Sources */,
			);
			runOnlyForDeploymentPostprocessing = 0;
		};
/* End PBXSourcesBuildPhase section */

/* Begin XCBuildConfiguration section */
		D56EE13F1D2D96C20061231D /* Debug */ = {
			isa = XCBuildConfiguration;
			buildSettings = {
				ALWAYS_SEARCH_USER_PATHS = NO;
				CLANG_ANALYZER_NONNULL = YES;
				CLANG_CXX_LANGUAGE_STANDARD = "gnu++0x";
				CLANG_CXX_LIBRARY = "libc++";
				CLANG_ENABLE_MODULES = YES;
				CLANG_ENABLE_OBJC_ARC = YES;
				CLANG_WARN_BOOL_CONVERSION = YES;
				CLANG_WARN_CONSTANT_CONVERSION = YES;
				CLANG_WARN_DIRECT_OBJC_ISA_USAGE = YES_ERROR;
				CLANG_WARN_EMPTY_BODY = YES;
				CLANG_WARN_ENUM_CONVERSION = YES;
				CLANG_WARN_INT_CONVERSION = YES;
				CLANG_WARN_OBJC_ROOT_CLASS = YES_ERROR;
				CLANG_WARN_UNREACHABLE_CODE = YES;
				CLANG_WARN__DUPLICATE_METHOD_MATCH = YES;
				CODE_SIGN_IDENTITY = "-";
				COPY_PHASE_STRIP = NO;
				DEBUG_INFORMATION_FORMAT = dwarf;
				ENABLE_STRICT_OBJC_MSGSEND = YES;
				ENABLE_TESTABILITY = YES;
				GCC_C_LANGUAGE_STANDARD = gnu99;
				GCC_DYNAMIC_NO_PIC = NO;
				GCC_NO_COMMON_BLOCKS = YES;
				GCC_OPTIMIZATION_LEVEL = 0;
				GCC_PREPROCESSOR_DEFINITIONS = (
					"DEBUG=1",
					"$(inherited)",
				);
				GCC_WARN_64_TO_32_BIT_CONVERSION = YES;
				GCC_WARN_ABOUT_RETURN_TYPE = YES_ERROR;
				GCC_WARN_UNDECLARED_SELECTOR = YES;
				GCC_WARN_UNINITIALIZED_AUTOS = YES_AGGRESSIVE;
				GCC_WARN_UNUSED_FUNCTION = YES;
				GCC_WARN_UNUSED_VARIABLE = YES;
				MACOSX_DEPLOYMENT_TARGET = 10.11;
				MTL_ENABLE_DEBUG_INFO = YES;
				ONLY_ACTIVE_ARCH = YES;
				SDKROOT = macosx;
			};
			name = Debug;
		};
		D56EE1401D2D96C20061231D /* Release */ = {
			isa = XCBuildConfiguration;
			buildSettings = {
				ALWAYS_SEARCH_USER_PATHS = NO;
				CLANG_ANALYZER_NONNULL = YES;
				CLANG_CXX_LANGUAGE_STANDARD = "gnu++0x";
				CLANG_CXX_LIBRARY = "libc++";
				CLANG_ENABLE_MODULES = YES;
				CLANG_ENABLE_OBJC_ARC = YES;
				CLANG_WARN_BOOL_CONVERSION = YES;
				CLANG_WARN_CONSTANT_CONVERSION = YES;
				CLANG_WARN_DIRECT_OBJC_ISA_USAGE = YES_ERROR;
				CLANG_WARN_EMPTY_BODY = YES;
				CLANG_WARN_ENUM_CONVERSION = YES;
				CLANG_WARN_INT_CONVERSION = YES;
				CLANG_WARN_OBJC_ROOT_CLASS = YES_ERROR;
				CLANG_WARN_UNREACHABLE_CODE = YES;
				CLANG_WARN__DUPLICATE_METHOD_MATCH = YES;
				CODE_SIGN_IDENTITY = "-";
				COPY_PHASE_STRIP = NO;
				DEBUG_INFORMATION_FORMAT = "dwarf-with-dsym";
				ENABLE_NS_ASSERTIONS = NO;
				ENABLE_STRICT_OBJC_MSGSEND = YES;
				GCC_C_LANGUAGE_STANDARD = gnu99;
				GCC_NO_COMMON_BLOCKS = YES;
				GCC_WARN_64_TO_32_BIT_CONVERSION = YES;
				GCC_WARN_ABOUT_RETURN_TYPE = YES_ERROR;
				GCC_WARN_UNDECLARED_SELECTOR = YES;
				GCC_WARN_UNINITIALIZED_AUTOS = YES_AGGRESSIVE;
				GCC_WARN_UNUSED_FUNCTION = YES;
				GCC_WARN_UNUSED_VARIABLE = YES;
				MACOSX_DEPLOYMENT_TARGET = 10.11;
				MTL_ENABLE_DEBUG_INFO = NO;
				SDKROOT = macosx;
			};
			name = Release;
		};
		D56EE1421D2D96C20061231D /* Debug */ = {
			isa = XCBuildConfiguration;
			buildSettings = {
				PRODUCT_NAME = "$(TARGET_NAME)";
			};
			name = Debug;
		};
		D56EE1431D2D96C20061231D /* Release */ = {
			isa = XCBuildConfiguration;
			buildSettings = {
				PRODUCT_NAME = "$(TARGET_NAME)";
			};
			name = Release;
		};
/* End XCBuildConfiguration section */

/* Begin XCConfigurationList section */
		D56EE1351D2D96C20061231D /* Build configuration list for PBXProject "TransMaker" */ = {
			isa = XCConfigurationList;
			buildConfigurations = (
				D56EE13F1D2D96C20061231D /* Debug */,
				D56EE1401D2D96C20061231D /* Release */,
			);
			defaultConfigurationIsVisible = 0;
			defaultConfigurationName = Release;
		};
		D56EE1411D2D96C20061231D /* Build configuration list for PBXNativeTarget "TransMaker" */ = {
			isa = XCConfigurationList;
			buildConfigurations = (
				D56EE1421D2D96C20061231D /* Debug */,
				D56EE1431D2D96C20061231D /* Release */,
			);
			defaultConfigurationIsVisible = 0;
		};
/* End XCConfigurationList section */
	};
	rootObject = D56EE1321D2D96C20061231D /* Project object */;
}
